{
  "name": "perpus-web",
  "version": "1.0.0",
  "lockfileVersion": 1,
  "requires": true,
  "dependencies": {
    "@uirouter/core": {
      "version": "5.0.20",
      "resolved": "https://registry.npmjs.org/@uirouter/core/-/core-5.0.20.tgz",
      "integrity": "sha512-7MwtORbMF0UFCgMb+KcBAx+7EsYn/6sP5mEAjLNQq14AkHOJom5pPRE0N3nxduFbK3V2TXfsOX2UjtbkuXql+A=="
    },
    "angular": {
      "version": "1.7.2",
      "resolved": "https://registry.npmjs.org/angular/-/angular-1.7.2.tgz",
      "integrity": "sha512-JcKKJbBdybUsmQ6x1M3xWyTYQ/ioVKJhSByEAjqrhmlOfvMFdhfMqAx5KIo8rLGk4DFolYPcCSgssjgTVjCtRQ=="
    },
    "angular-animate": {
      "version": "1.7.2",
      "resolved": "https://registry.npmjs.org/angular-animate/-/angular-animate-1.7.2.tgz",
      "integrity": "sha512-/MQL2FEFXhdzFUKJ9AJq6gAYz3YGsh2xHTztuQKY5FkqjEBpF5YGypgprTz153P7t51T8nFqLsG8jwkpRdM6gg=="
    },
    "angular-paging": {
      "version": "2.2.2",
      "resolved": "https://registry.npmjs.org/angular-paging/-/angular-paging-2.2.2.tgz",
      "integrity": "sha1-cC9XTW0UBpADXqxkOV/jEfeYf7s="
    },
    "angular-touch": {
      "version": "1.7.2",
      "resolved": "https://registry.npmjs.org/angular-touch/-/angular-touch-1.7.2.tgz",
      "integrity": "sha512-xLuuc7Vo0XBsyMG0iAws+D3f5RuneKTqrW0ZxZ0TF2PuZOfQy/ND5HoXb3tP10pbcrE15CHV/Y6nWGLDHOv+pw=="
    },
    "angular-ui-router": {
      "version": "1.0.19",
      "resolved": "https://registry.npmjs.org/angular-ui-router/-/angular-ui-router-1.0.19.tgz",
      "integrity": "sha512-3d0IFjuWOc+2lE7HxmM+RYWmvd0yrW7QFHsY4uRVf/dgx7T1qUZMIS9L/Vji/HRx2lSwJ3m9YkYugvqr1LySUQ==",
      "requires": {
        "@uirouter/core": "5.0.20"
      }
    },
    "bootstrap": {
      "version": "4.1.3",
      "resolved": "https://registry.npmjs.org/bootstrap/-/bootstrap-4.1.3.tgz",
      "integrity": "sha512-rDFIzgXcof0jDyjNosjv4Sno77X4KuPeFxG2XZZv1/Kc8DRVGVADdoQyyOVDwPqL36DDmtCQbrpMCqvpPLJQ0w=="
    },
    "ngstorage": {
      "version": "0.3.11",
      "resolved": "https://registry.npmjs.org/ngstorage/-/ngstorage-0.3.11.tgz",
      "integrity": "sha1-FjfEW4ctkJ2cx+GLN0iY1QsuhE8="
    },
    "ui-bootstrap4": {
      "version": "3.0.4",
      "resolved": "https://registry.npmjs.org/ui-bootstrap4/-/ui-bootstrap4-3.0.4.tgz",
      "integrity": "sha512-F2j2kny2ozHGy4McZr6F+9zZWTQhMTwphmSXfBfdRPp5MVgwSQQGmiG5b6pb+b7gsj5fBwSqYEtVKJD0LFgxoQ=="
    }
  }
}
